
Microsoft Visual Studio Solution File, Format Version 12.00
Project("{FAE04EC0-301F-11D3-BF4B-00C04F79EFBC}") = "PersonnesInterface", "PersonnesInterface\PersonnesInterface.csproj", "{78B09842-7CF4-45DF-B5CB-31E3099F72CA}"
EndProject
Global
	GlobalSection(SolutionConfigurationPlatforms) = preSolution
		Debug|Any CPU = Debug|Any CPU
		Release|Any CPU = Release|Any CPU
	EndGlobalSection
	GlobalSection(ProjectConfigurationPlatforms) = postSolution
		{78B09842-7CF4-45DF-B5CB-31E3099F72CA}.Debug|Any CPU.ActiveCfg = Debug|Any CPU
		{78B09842-7CF4-45DF-B5CB-31E3099F72CA}.Debug|Any CPU.Build.0 = Debug|Any CPU
		{78B09842-7CF4-45DF-B5CB-31E3099F72CA}.Release|Any CPU.ActiveCfg = Release|Any CPU
		{78B09842-7CF4-45DF-B5CB-31E3099F72CA}.Release|Any CPU.Build.0 = Release|Any CPU
	EndGlobalSection
EndGlobal
